
Microsoft Visual Studio Solution File, Format Version 12.00
# Visual Studio Version 17
VisualStudioVersion = 17.4.33110.190
MinimumVisualStudioVersion = 10.0.40219.1
Project("{FAE04EC0-301F-11D3-BF4B-00C04F79EFBC}") = "DelegateBasicExample", "DelegateBasicExample\DelegateBasicExample.csproj", "{D0C61D5B-A2C9-43BB-8BD3-2C02E83461AC}"
EndProject
Global
	GlobalSection(SolutionConfigurationPlatforms) = preSolution
		Debug|Any CPU = Debug|Any CPU
		Release|Any CPU = Release|Any CPU
	EndGlobalSection
	GlobalSection(ProjectConfigurationPlatforms) = postSolution
		{D0C61D5B-A2C9-43BB-8BD3-2C02E83461AC}.Debug|Any CPU.ActiveCfg = Debug|Any CPU
		{D0C61D5B-A2C9-43BB-8BD3-2C02E83461AC}.Debug|Any CPU.Build.0 = Debug|Any CPU
		{D0C61D5B-A2C9-43BB-8BD3-2C02E83461AC}.Release|Any CPU.ActiveCfg = Release|Any CPU
		{D0C61D5B-A2C9-43BB-8BD3-2C02E83461AC}.Release|Any CPU.Build.0 = Release|Any CPU
	EndGlobalSection
	GlobalSection(SolutionProperties) = preSolution
		HideSolutionNode = FALSE
	EndGlobalSection
	GlobalSection(ExtensibilityGlobals) = postSolution
		SolutionGuid = {873252E0-0DBC-4D0B-AFBD-0F146A434B1F}
	EndGlobalSection
EndGlobal
